
Microsoft Visual Studio Solution File, Format Version 12.00
# Visual Studio 2015
Project("{FAE04EC0-301F-11D3-BF4B-00C04F79EFBC}") = "ForestWarOnline", "ForestWarOnline.csproj", "{2F1FAFD6-7A4A-5A46-E1BC-A2D5EE655D0B}"
EndProject
Project("{FAE04EC0-301F-11D3-BF4B-00C04F79EFBC}") = "ForestWarOnline.Editor", "ForestWarOnline.Editor.csproj", "{608AC9A5-1387-86DD-E05A-340B2EF7921D}"
EndProject
Global
	GlobalSection(SolutionConfigurationPlatforms) = preSolution
		Debug|Any CPU = Debug|Any CPU
		Release|Any CPU = Release|Any CPU
	EndGlobalSection
	GlobalSection(ProjectConfigurationPlatforms) = postSolution
		{2F1FAFD6-7A4A-5A46-E1BC-A2D5EE655D0B}.Debug|Any CPU.ActiveCfg = Debug|Any CPU
		{2F1FAFD6-7A4A-5A46-E1BC-A2D5EE655D0B}.Debug|Any CPU.Build.0 = Debug|Any CPU
		{2F1FAFD6-7A4A-5A46-E1BC-A2D5EE655D0B}.Release|Any CPU.ActiveCfg = Release|Any CPU
		{2F1FAFD6-7A4A-5A46-E1BC-A2D5EE655D0B}.Release|Any CPU.Build.0 = Release|Any CPU
		{608AC9A5-1387-86DD-E05A-340B2EF7921D}.Debug|Any CPU.ActiveCfg = Debug|Any CPU
		{608AC9A5-1387-86DD-E05A-340B2EF7921D}.Debug|Any CPU.Build.0 = Debug|Any CPU
		{608AC9A5-1387-86DD-E05A-340B2EF7921D}.Release|Any CPU.ActiveCfg = Release|Any CPU
		{608AC9A5-1387-86DD-E05A-340B2EF7921D}.Release|Any CPU.Build.0 = Release|Any CPU
	EndGlobalSection
	GlobalSection(SolutionProperties) = preSolution
		HideSolutionNode = FALSE
	EndGlobalSection
EndGlobal
